
Microsoft Visual Studio Solution File, Format Version 12.00
# Visual Studio Version 17
VisualStudioVersion = 17.7.34024.191
MinimumVisualStudioVersion = 10.0.40219.1
Project("{FAE04EC0-301F-11D3-BF4B-00C04F79EFBC}") = "Encapsulamento", "Encapsulamento\Encapsulamento.csproj", "{F71C43D9-0EE3-46BB-9040-3DA4BDE4C573}"
EndProject
Project("{FAE04EC0-301F-11D3-BF4B-00C04F79EFBC}") = "Heranca", "Heranca\Heranca.csproj", "{D1831A12-E7D5-4746-89B6-63047AC4ED73}"
EndProject
Global
	GlobalSection(SolutionConfigurationPlatforms) = preSolution
		Debug|Any CPU = Debug|Any CPU
		Release|Any CPU = Release|Any CPU
	EndGlobalSection
	GlobalSection(ProjectConfigurationPlatforms) = postSolution
		{F71C43D9-0EE3-46BB-9040-3DA4BDE4C573}.Debug|Any CPU.ActiveCfg = Debug|Any CPU
		{F71C43D9-0EE3-46BB-9040-3DA4BDE4C573}.Debug|Any CPU.Build.0 = Debug|Any CPU
		{F71C43D9-0EE3-46BB-9040-3DA4BDE4C573}.Release|Any CPU.ActiveCfg = Release|Any CPU
		{F71C43D9-0EE3-46BB-9040-3DA4BDE4C573}.Release|Any CPU.Build.0 = Release|Any CPU
		{D1831A12-E7D5-4746-89B6-63047AC4ED73}.Debug|Any CPU.ActiveCfg = Debug|Any CPU
		{D1831A12-E7D5-4746-89B6-63047AC4ED73}.Debug|Any CPU.Build.0 = Debug|Any CPU
		{D1831A12-E7D5-4746-89B6-63047AC4ED73}.Release|Any CPU.ActiveCfg = Release|Any CPU
		{D1831A12-E7D5-4746-89B6-63047AC4ED73}.Release|Any CPU.Build.0 = Release|Any CPU
	EndGlobalSection
	GlobalSection(SolutionProperties) = preSolution
		HideSolutionNode = FALSE
	EndGlobalSection
	GlobalSection(ExtensibilityGlobals) = postSolution
		SolutionGuid = {7A88F587-507D-4289-AA3E-E5E9B4B70106}
	EndGlobalSection
EndGlobal
